
Microsoft Visual Studio Solution File, Format Version 12.00
# Visual Studio Version 16
VisualStudioVersion = 16.0.31229.75
MinimumVisualStudioVersion = 10.0.40219.1
Project("{FAE04EC0-301F-11D3-BF4B-00C04F79EFBC}") = "htmToPdf", "htmToPdf.csproj", "{CE1D8250-A8D8-4286-BEA8-3D24184E4D77}"
EndProject
Global
	GlobalSection(SolutionConfigurationPlatforms) = preSolution
		Debug|Any CPU = Debug|Any CPU
		Release|Any CPU = Release|Any CPU
	EndGlobalSection
	GlobalSection(ProjectConfigurationPlatforms) = postSolution
		{CE1D8250-A8D8-4286-BEA8-3D24184E4D77}.Debug|Any CPU.ActiveCfg = Debug|Any CPU
		{CE1D8250-A8D8-4286-BEA8-3D24184E4D77}.Debug|Any CPU.Build.0 = Debug|Any CPU
		{CE1D8250-A8D8-4286-BEA8-3D24184E4D77}.Release|Any CPU.ActiveCfg = Release|Any CPU
		{CE1D8250-A8D8-4286-BEA8-3D24184E4D77}.Release|Any CPU.Build.0 = Release|Any CPU
	EndGlobalSection
	GlobalSection(SolutionProperties) = preSolution
		HideSolutionNode = FALSE
	EndGlobalSection
	GlobalSection(ExtensibilityGlobals) = postSolution
		SolutionGuid = {0D637AA3-17C2-4BAA-9D80-5809BEF03F99}
	EndGlobalSection
EndGlobal
